// !$*UTF8*$!
{
	archiveVersion = 1;
	classes = {
	};
	objectVersion = 46;
	objects = {

/* Begin PBXBuildFile section */
		0B981409165FFA4900193E50 /* UIKit.framework in Frameworks */ = {isa = PBXBuildFile; fileRef = 0B981408165FFA4900193E50 /* UIKit.framework */; };
		0B98140B165FFA4900193E50 /* Foundation.framework in Frameworks */ = {isa = PBXBuildFile; fileRef = 0B98140A165FFA4900193E50 /* Foundation.framework */; };
		0B98140D165FFA4900193E50 /* CoreGraphics.framework in Frameworks */ = {isa = PBXBuildFile; fileRef = 0B98140C165FFA4900193E50 /* CoreGraphics.framework */; };
		0B981413165FFA4900193E50 /* InfoPlist.strings in Resources */ = {isa = PBXBuildFile; fileRef = 0B981411165FFA4900193E50 /* InfoPlist.strings */; };
		0B981415165FFA4900193E50 /* main.m in Sources */ = {isa = PBXBuildFile; fileRef = 0B981414165FFA4900193E50 /* main.m */; };
		0B981419165FFA4900193E50 /* AppDelegate.m in Sources */ = {isa = PBXBuildFile; fileRef = 0B981418165FFA4900193E50 /* AppDelegate.m */; };
		0B98141B165FFA4900193E50 /* Default.png in Resources */ = {isa = PBXBuildFile; fileRef = 0B98141A165FFA4900193E50 /* Default.png */; };
		0B98141D165FFA4900193E50 /* Default@2x.png in Resources */ = {isa = PBXBuildFile; fileRef = 0B98141C165FFA4900193E50 /* Default@2x.png */; };
		0B98141F165FFA4900193E50 /* Default-568h@2x.png in Resources */ = {isa = PBXBuildFile; fileRef = 0B98141E165FFA4900193E50 /* Default-568h@2x.png */; };
		0B981427165FFA9C00193E50 /* ViewController.m in Sources */ = {isa = PBXBuildFile; fileRef = 0B981426165FFA9C00193E50 /* ViewController.m */; };
		0B98142B165FFB1200193E50 /* libWorldWind.a in Frameworks */ = {isa = PBXBuildFile; fileRef = 0B981428165FFB1200193E50 /* libWorldWind.a */; };
		0B98142C165FFB1200193E50 /* OpenGLES.framework in Frameworks */ = {isa = PBXBuildFile; fileRef = 0B981429165FFB1200193E50 /* OpenGLES.framework */; };
		0B98142D165FFB1200193E50 /* QuartzCore.framework in Frameworks */ = {isa = PBXBuildFile; fileRef = 0B98142A165FFB1200193E50 /* QuartzCore.framework */; };
		0BA1E9DE16B09B92004F3619 /* SystemConfiguration.framework in Frameworks */ = {isa = PBXBuildFile; fileRef = 0BA1E9DD16B09B92004F3619 /* SystemConfiguration.framework */; };
		1BF9A1F56C3FEB0A8EF83D17 /* LocationArrow.png in Resources */ = {isa = PBXBuildFile; fileRef = 1BF9AB1691F5F503DA190C9D /* LocationArrow.png */; };
		1BF9A2C0316413875D9C87B4 /* LocationArrow@2x.png in Resources */ = {isa = PBXBuildFile; fileRef = 1BF9AB496C1FFD7B422C2517 /* LocationArrow@2x.png */; };
		1BF9A3808E7422E619393F4F /* LayerList.png in Resources */ = {isa = PBXBuildFile; fileRef = 1BF9AF7CA370D26918C6F6C2 /* LayerList.png */; };
		1BF9A4DA110F2CFCCB0E7DE2 /* Landsat.png in Resources */ = {isa = PBXBuildFile; fileRef = 1BF9AFD7D0F15F26EC2CBC9F /* Landsat.png */; };
		1BF9A7830E2D849E7A74FD16 /* BlueMarble.png in Resources */ = {isa = PBXBuildFile; fileRef = 1BF9A2EDD97CD1BFF90B30C4 /* BlueMarble.png */; };
		1BF9A7A5B73DAF4595B19E9D /* LayerListController.m in Sources */ = {isa = PBXBuildFile; fileRef = 1BF9A33B6444E14E329DF631 /* LayerListController.m */; };
		1BF9A9D755FF75A77AFAACD5 /* DAFIFNavigation.png in Resources */ = {isa = PBXBuildFile; fileRef = 1BF9A9916D50BC454D917FEF /* DAFIFNavigation.png */; };
		1BF9AA566C9301B15AD9F177 /* DAFIFAirports.png in Resources */ = {isa = PBXBuildFile; fileRef = 1BF9A44E461D7C8201E3E01F /* DAFIFAirports.png */; };
		1BF9AA78132C53846348F275 /* LocationArrowWhite@2x.png in Resources */ = {isa = PBXBuildFile; fileRef = 1BF9A8D3C40F4DA7C5A36B5A /* LocationArrowWhite@2x.png */; };
		1BF9AB681E22DD6EF980EE33 /* Bing.png in Resources */ = {isa = PBXBuildFile; fileRef = 1BF9A858C4D87CED7F41A7B1 /* Bing.png */; };
		1BF9AB9434B6C975724AC5AF /* LocationArrowWhite.png in Resources */ = {isa = PBXBuildFile; fileRef = 1BF9A1ADB4428DD6D44D465F /* LocationArrowWhite.png */; };
		1BF9ABA85CFA76FF0DFD4111 /* LayerList@2x.png in Resources */ = {isa = PBXBuildFile; fileRef = 1BF9AE0128F759974BCF9E0F /* LayerList@2x.png */; };
		1BF9AC9C0A8DF0CD36DDD97E /* DAFIFActivity.png in Resources */ = {isa = PBXBuildFile; fileRef = 1BF9A8106AD0719A3DE1CA18 /* DAFIFActivity.png */; };
		CC8CF6A0119D6A3BC2817302 /* LocationController.m in Sources */ = {isa = PBXBuildFile; fileRef = CC8CF093F6C9A5804AC013C5 /* LocationController.m */; };
		CC8CFC1F474B48BA559D4087 /* CoreLocation.framework in Frameworks */ = {isa = PBXBuildFile; fileRef = CC8CFF7D04745580967268D4 /* CoreLocation.framework */; };
/* End PBXBuildFile section */

/* Begin PBXFileReference section */
		0B981404165FFA4900193E50 /* WorldWindExamples.app */ = {isa = PBXFileReference; explicitFileType = wrapper.application; includeInIndex = 0; path = WorldWindExamples.app; sourceTree = BUILT_PRODUCTS_DIR; };
		0B981408165FFA4900193E50 /* UIKit.framework */ = {isa = PBXFileReference; lastKnownFileType = wrapper.framework; name = UIKit.framework; path = System/Library/Frameworks/UIKit.framework; sourceTree = SDKROOT; };
		0B98140A165FFA4900193E50 /* Foundation.framework */ = {isa = PBXFileReference; lastKnownFileType = wrapper.framework; name = Foundation.framework; path = System/Library/Frameworks/Foundation.framework; sourceTree = SDKROOT; };
		0B98140C165FFA4900193E50 /* CoreGraphics.framework */ = {isa = PBXFileReference; lastKnownFileType = wrapper.framework; name = CoreGraphics.framework; path = System/Library/Frameworks/CoreGraphics.framework; sourceTree = SDKROOT; };
		0B981410165FFA4900193E50 /* WorldWindExamples-Info.plist */ = {isa = PBXFileReference; lastKnownFileType = text.plist.xml; path = "WorldWindExamples-Info.plist"; sourceTree = "<group>"; };
		0B981412165FFA4900193E50 /* en */ = {isa = PBXFileReference; lastKnownFileType = text.plist.strings; name = en; path = en.lproj/InfoPlist.strings; sourceTree = "<group>"; };
		0B981414165FFA4900193E50 /* main.m */ = {isa = PBXFileReference; lastKnownFileType = sourcecode.c.objc; path = main.m; sourceTree = "<group>"; };
		0B981416165FFA4900193E50 /* WorldWindExamples-Prefix.pch */ = {isa = PBXFileReference; lastKnownFileType = sourcecode.c.h; path = "WorldWindExamples-Prefix.pch"; sourceTree = "<group>"; };
		0B981417165FFA4900193E50 /* AppDelegate.h */ = {isa = PBXFileReference; lastKnownFileType = sourcecode.c.h; path = AppDelegate.h; sourceTree = "<group>"; };
		0B981418165FFA4900193E50 /* AppDelegate.m */ = {isa = PBXFileReference; lastKnownFileType = sourcecode.c.objc; path = AppDelegate.m; sourceTree = "<group>"; };
		0B98141A165FFA4900193E50 /* Default.png */ = {isa = PBXFileReference; lastKnownFileType = image.png; path = Default.png; sourceTree = "<group>"; };
		0B98141C165FFA4900193E50 /* Default@2x.png */ = {isa = PBXFileReference; lastKnownFileType = image.png; path = "Default@2x.png"; sourceTree = "<group>"; };
		0B98141E165FFA4900193E50 /* Default-568h@2x.png */ = {isa = PBXFileReference; lastKnownFileType = image.png; path = "Default-568h@2x.png"; sourceTree = "<group>"; };
		0B981425165FFA9C00193E50 /* ViewController.h */ = {isa = PBXFileReference; fileEncoding = 4; lastKnownFileType = sourcecode.c.h; path = ViewController.h; sourceTree = "<group>"; };
		0B981426165FFA9C00193E50 /* ViewController.m */ = {isa = PBXFileReference; fileEncoding = 4; lastKnownFileType = sourcecode.c.objc; path = ViewController.m; sourceTree = "<group>"; };
		0B981428165FFB1200193E50 /* libWorldWind.a */ = {isa = PBXFileReference; lastKnownFileType = archive.ar; name = libWorldWind.a; path = "../../../Library/Developer/Xcode/DerivedData/WorldWindIOS-gzckgckmqhxtmbhfmsciqmmjrupa/Build/Products/Debug-iphoneos/libWorldWind.a"; sourceTree = "<group>"; };
		0B981429165FFB1200193E50 /* OpenGLES.framework */ = {isa = PBXFileReference; lastKnownFileType = wrapper.framework; name = OpenGLES.framework; path = System/Library/Frameworks/OpenGLES.framework; sourceTree = SDKROOT; };
		0B98142A165FFB1200193E50 /* QuartzCore.framework */ = {isa = PBXFileReference; lastKnownFileType = wrapper.framework; name = QuartzCore.framework; path = System/Library/Frameworks/QuartzCore.framework; sourceTree = SDKROOT; };
		0BA1E9DD16B09B92004F3619 /* SystemConfiguration.framework */ = {isa = PBXFileReference; lastKnownFileType = wrapper.framework; name = SystemConfiguration.framework; path = System/Library/Frameworks/SystemConfiguration.framework; sourceTree = SDKROOT; };
		1BF9A1ADB4428DD6D44D465F /* LocationArrowWhite.png */ = {isa = PBXFileReference; lastKnownFileType = image.png; path = LocationArrowWhite.png; sourceTree = "<group>"; };
		1BF9A2EDD97CD1BFF90B30C4 /* BlueMarble.png */ = {isa = PBXFileReference; lastKnownFileType = image.png; path = BlueMarble.png; sourceTree = "<group>"; };
		1BF9A33B6444E14E329DF631 /* LayerListController.m */ = {isa = PBXFileReference; fileEncoding = 4; lastKnownFileType = sourcecode.c.objc; path = LayerListController.m; sourceTree = "<group>"; };
		1BF9A44E461D7C8201E3E01F /* DAFIFAirports.png */ = {isa = PBXFileReference; lastKnownFileType = image.png; path = DAFIFAirports.png; sourceTree = "<group>"; };
		1BF9A733BBE27F55CE4009C9 /* LayerListController.h */ = {isa = PBXFileReference; fileEncoding = 4; lastKnownFileType = sourcecode.c.h; path = LayerListController.h; sourceTree = "<group>"; };
		1BF9A8106AD0719A3DE1CA18 /* DAFIFActivity.png */ = {isa = PBXFileReference; lastKnownFileType = image.png; path = DAFIFActivity.png; sourceTree = "<group>"; };
		1BF9A858C4D87CED7F41A7B1 /* Bing.png */ = {isa = PBXFileReference; lastKnownFileType = image.png; path = Bing.png; sourceTree = "<group>"; };
		1BF9A8D3C40F4DA7C5A36B5A /* LocationArrowWhite@2x.png */ = {isa = PBXFileReference; lastKnownFileType = image.png; path = "LocationArrowWhite@2x.png"; sourceTree = "<group>"; };
		1BF9A9916D50BC454D917FEF /* DAFIFNavigation.png */ = {isa = PBXFileReference; lastKnownFileType = image.png; path = DAFIFNavigation.png; sourceTree = "<group>"; };
		1BF9AB1691F5F503DA190C9D /* LocationArrow.png */ = {isa = PBXFileReference; lastKnownFileType = image.png; path = LocationArrow.png; sourceTree = "<group>"; };
		1BF9AB496C1FFD7B422C2517 /* LocationArrow@2x.png */ = {isa = PBXFileReference; lastKnownFileType = image.png; path = "LocationArrow@2x.png"; sourceTree = "<group>"; };
		1BF9AE0128F759974BCF9E0F /* LayerList@2x.png */ = {isa = PBXFileReference; lastKnownFileType = image.png; path = "LayerList@2x.png"; sourceTree = "<group>"; };
		1BF9AF7CA370D26918C6F6C2 /* LayerList.png */ = {isa = PBXFileReference; lastKnownFileType = image.png; path = LayerList.png; sourceTree = "<group>"; };
		1BF9AFD7D0F15F26EC2CBC9F /* Landsat.png */ = {isa = PBXFileReference; lastKnownFileType = image.png; path = Landsat.png; sourceTree = "<group>"; };
		CC8CF068410F278887E31045 /* LocationController.h */ = {isa = PBXFileReference; fileEncoding = 4; lastKnownFileType = sourcecode.c.h; path = LocationController.h; sourceTree = "<group>"; };
		CC8CF093F6C9A5804AC013C5 /* LocationController.m */ = {isa = PBXFileReference; fileEncoding = 4; lastKnownFileType = sourcecode.c.objc; path = LocationController.m; sourceTree = "<group>"; };
		CC8CFF7D04745580967268D4 /* CoreLocation.framework */ = {isa = PBXFileReference; lastKnownFileType = wrapper.framework; name = CoreLocation.framework; path = System/Library/Frameworks/CoreLocation.framework; sourceTree = SDKROOT; };
/* End PBXFileReference section */

/* Begin PBXFrameworksBuildPhase section */
		0B981401165FFA4900193E50 /* Frameworks */ = {
			isa = PBXFrameworksBuildPhase;
			buildActionMask = 2147483647;
			files = (
				0BA1E9DE16B09B92004F3619 /* SystemConfiguration.framework in Frameworks */,
				0B98142B165FFB1200193E50 /* libWorldWind.a in Frameworks */,
				0B98142C165FFB1200193E50 /* OpenGLES.framework in Frameworks */,
				0B98142D165FFB1200193E50 /* QuartzCore.framework in Frameworks */,
				0B981409165FFA4900193E50 /* UIKit.framework in Frameworks */,
				0B98140B165FFA4900193E50 /* Foundation.framework in Frameworks */,
				0B98140D165FFA4900193E50 /* CoreGraphics.framework in Frameworks */,
				CC8CFC1F474B48BA559D4087 /* CoreLocation.framework in Frameworks */,
			);
			runOnlyForDeploymentPostprocessing = 0;
		};
/* End PBXFrameworksBuildPhase section */

/* Begin PBXGroup section */
		0B9813F9165FFA4900193E50 = {
			isa = PBXGroup;
			children = (
				0BA1E9DD16B09B92004F3619 /* SystemConfiguration.framework */,
				0B98140E165FFA4900193E50 /* WorldWindExamples */,
				0B981407165FFA4900193E50 /* Frameworks */,
				0B981405165FFA4900193E50 /* Products */,
			);
			sourceTree = "<group>";
		};
		0B981405165FFA4900193E50 /* Products */ = {
			isa = PBXGroup;
			children = (
				0B981404165FFA4900193E50 /* WorldWindExamples.app */,
			);
			name = Products;
			sourceTree = "<group>";
		};
		0B981407165FFA4900193E50 /* Frameworks */ = {
			isa = PBXGroup;
			children = (
				0B981428165FFB1200193E50 /* libWorldWind.a */,
				0B981429165FFB1200193E50 /* OpenGLES.framework */,
				0B98142A165FFB1200193E50 /* QuartzCore.framework */,
				0B981408165FFA4900193E50 /* UIKit.framework */,
				0B98140A165FFA4900193E50 /* Foundation.framework */,
				0B98140C165FFA4900193E50 /* CoreGraphics.framework */,
				CC8CFF7D04745580967268D4 /* CoreLocation.framework */,
			);
			name = Frameworks;
			sourceTree = "<group>";
		};
		0B98140E165FFA4900193E50 /* WorldWindExamples */ = {
			isa = PBXGroup;
			children = (
				0B981417165FFA4900193E50 /* AppDelegate.h */,
				0B981418165FFA4900193E50 /* AppDelegate.m */,
				0B98140F165FFA4900193E50 /* Supporting Files */,
				0B981425165FFA9C00193E50 /* ViewController.h */,
				0B981426165FFA9C00193E50 /* ViewController.m */,
				CC8CF093F6C9A5804AC013C5 /* LocationController.m */,
				CC8CF068410F278887E31045 /* LocationController.h */,
				1BF9A33B6444E14E329DF631 /* LayerListController.m */,
				1BF9A733BBE27F55CE4009C9 /* LayerListController.h */,
			);
			path = WorldWindExamples;
			sourceTree = "<group>";
		};
		0B98140F165FFA4900193E50 /* Supporting Files */ = {
			isa = PBXGroup;
			children = (
				0B981410165FFA4900193E50 /* WorldWindExamples-Info.plist */,
				0B981411165FFA4900193E50 /* InfoPlist.strings */,
				0B981414165FFA4900193E50 /* main.m */,
				0B981416165FFA4900193E50 /* WorldWindExamples-Prefix.pch */,
				0B98141A165FFA4900193E50 /* Default.png */,
				0B98141C165FFA4900193E50 /* Default@2x.png */,
				0B98141E165FFA4900193E50 /* Default-568h@2x.png */,
				1BF9AF7CA370D26918C6F6C2 /* LayerList.png */,
				1BF9AE0128F759974BCF9E0F /* LayerList@2x.png */,
				1BF9AB1691F5F503DA190C9D /* LocationArrow.png */,
				1BF9AB496C1FFD7B422C2517 /* LocationArrow@2x.png */,
				1BF9A1ADB4428DD6D44D465F /* LocationArrowWhite.png */,
				1BF9A8D3C40F4DA7C5A36B5A /* LocationArrowWhite@2x.png */,
				1BF9A2EDD97CD1BFF90B30C4 /* BlueMarble.png */,
				1BF9A858C4D87CED7F41A7B1 /* Bing.png */,
				1BF9A8106AD0719A3DE1CA18 /* DAFIFActivity.png */,
				1BF9A44E461D7C8201E3E01F /* DAFIFAirports.png */,
				1BF9A9916D50BC454D917FEF /* DAFIFNavigation.png */,
				1BF9AFD7D0F15F26EC2CBC9F /* Landsat.png */,
			);
			name = "Supporting Files";
			sourceTree = "<group>";
		};
/* End PBXGroup section */

/* Begin PBXNativeTarget section */
		0B981403165FFA4900193E50 /* WorldWindExamples */ = {
			isa = PBXNativeTarget;
			buildConfigurationList = 0B981422165FFA4900193E50 /* Build configuration list for PBXNativeTarget "WorldWindExamples" */;
			buildPhases = (
				0B981400165FFA4900193E50 /* Sources */,
				0B981401165FFA4900193E50 /* Frameworks */,
				0B981402165FFA4900193E50 /* Resources */,
			);
			buildRules = (
			);
			dependencies = (
			);
			name = WorldWindExamples;
			productName = WorldWindExamples;
			productReference = 0B981404165FFA4900193E50 /* WorldWindExamples.app */;
			productType = "com.apple.product-type.application";
		};
/* End PBXNativeTarget section */

/* Begin PBXProject section */
		0B9813FB165FFA4900193E50 /* Project object */ = {
			isa = PBXProject;
			attributes = {
				LastUpgradeCheck = 0450;
				ORGANIZATIONNAME = "NASA World Wind";
			};
			buildConfigurationList = 0B9813FE165FFA4900193E50 /* Build configuration list for PBXProject "WorldWindExamples" */;
			compatibilityVersion = "Xcode 3.2";
			developmentRegion = English;
			hasScannedForEncodings = 0;
			knownRegions = (
				en,
			);
			mainGroup = 0B9813F9165FFA4900193E50;
			productRefGroup = 0B981405165FFA4900193E50 /* Products */;
			projectDirPath = "";
			projectRoot = "";
			targets = (
				0B981403165FFA4900193E50 /* WorldWindExamples */,
			);
		};
/* End PBXProject section */

/* Begin PBXResourcesBuildPhase section */
		0B981402165FFA4900193E50 /* Resources */ = {
			isa = PBXResourcesBuildPhase;
			buildActionMask = 2147483647;
			files = (
				0B981413165FFA4900193E50 /* InfoPlist.strings in Resources */,
				0B98141B165FFA4900193E50 /* Default.png in Resources */,
				0B98141D165FFA4900193E50 /* Default@2x.png in Resources */,
				0B98141F165FFA4900193E50 /* Default-568h@2x.png in Resources */,
				1BF9A3808E7422E619393F4F /* LayerList.png in Resources */,
				1BF9ABA85CFA76FF0DFD4111 /* LayerList@2x.png in Resources */,
				1BF9A1F56C3FEB0A8EF83D17 /* LocationArrow.png in Resources */,
				1BF9A2C0316413875D9C87B4 /* LocationArrow@2x.png in Resources */,
				1BF9AB9434B6C975724AC5AF /* LocationArrowWhite.png in Resources */,
				1BF9AA78132C53846348F275 /* LocationArrowWhite@2x.png in Resources */,
				1BF9A7830E2D849E7A74FD16 /* BlueMarble.png in Resources */,
				1BF9AB681E22DD6EF980EE33 /* Bing.png in Resources */,
				1BF9AC9C0A8DF0CD36DDD97E /* DAFIFActivity.png in Resources */,
				1BF9AA566C9301B15AD9F177 /* DAFIFAirports.png in Resources */,
				1BF9A9D755FF75A77AFAACD5 /* DAFIFNavigation.png in Resources */,
				1BF9A4DA110F2CFCCB0E7DE2 /* Landsat.png in Resources */,
			);
			runOnlyForDeploymentPostprocessing = 0;
		};
/* End PBXResourcesBuildPhase section */

/* Begin PBXSourcesBuildPhase section */
		0B981400165FFA4900193E50 /* Sources */ = {
			isa = PBXSourcesBuildPhase;
			buildActionMask = 2147483647;
			files = (
				0B981415165FFA4900193E50 /* main.m in Sources */,
				0B981419165FFA4900193E50 /* AppDelegate.m in Sources */,
				0B981427165FFA9C00193E50 /* ViewController.m in Sources */,
				CC8CF6A0119D6A3BC2817302 /* LocationController.m in Sources */,
				1BF9A7A5B73DAF4595B19E9D /* LayerListController.m in Sources */,
			);
			runOnlyForDeploymentPostprocessing = 0;
		};
/* End PBXSourcesBuildPhase section */

/* Begin PBXVariantGroup section */
		0B981411165FFA4900193E50 /* InfoPlist.strings */ = {
			isa = PBXVariantGroup;
			children = (
				0B981412165FFA4900193E50 /* en */,
			);
			name = InfoPlist.strings;
			sourceTree = "<group>";
		};
/* End PBXVariantGroup section */

/* Begin XCBuildConfiguration section */
		0B981420165FFA4900193E50 /* Debug */ = {
			isa = XCBuildConfiguration;
			buildSettings = {
				ALWAYS_SEARCH_USER_PATHS = NO;
				CLANG_CXX_LANGUAGE_STANDARD = "gnu++0x";
				CLANG_CXX_LIBRARY = "libc++";
				CLANG_ENABLE_OBJC_ARC = YES;
				CLANG_WARN_EMPTY_BODY = YES;
				CLANG_WARN__DUPLICATE_METHOD_MATCH = YES;
				"CODE_SIGN_IDENTITY[sdk=iphoneos*]" = "iPhone Developer";
				COPY_PHASE_STRIP = NO;
				GCC_C_LANGUAGE_STANDARD = gnu99;
				GCC_DYNAMIC_NO_PIC = NO;
				GCC_OPTIMIZATION_LEVEL = 0;
				GCC_PREPROCESSOR_DEFINITIONS = (
					"DEBUG=1",
					"$(inherited)",
				);
				GCC_SYMBOLS_PRIVATE_EXTERN = NO;
				GCC_WARN_ABOUT_RETURN_TYPE = YES;
				GCC_WARN_UNINITIALIZED_AUTOS = YES;
				GCC_WARN_UNUSED_VARIABLE = YES;
				HEADER_SEARCH_PATHS = "${PROJECT_DIR}/../WorldWind/**";
				IPHONEOS_DEPLOYMENT_TARGET = 6.0;
				ONLY_ACTIVE_ARCH = YES;
				SDKROOT = iphoneos;
				TARGETED_DEVICE_FAMILY = "1,2";
			};
			name = Debug;
		};
		0B981421165FFA4900193E50 /* Release */ = {
			isa = XCBuildConfiguration;
			buildSettings = {
				ALWAYS_SEARCH_USER_PATHS = NO;
				CLANG_CXX_LANGUAGE_STANDARD = "gnu++0x";
				CLANG_CXX_LIBRARY = "libc++";
				CLANG_ENABLE_OBJC_ARC = YES;
				CLANG_WARN_EMPTY_BODY = YES;
				CLANG_WARN__DUPLICATE_METHOD_MATCH = YES;
				"CODE_SIGN_IDENTITY[sdk=iphoneos*]" = "iPhone Developer";
				COPY_PHASE_STRIP = YES;
				GCC_C_LANGUAGE_STANDARD = gnu99;
				GCC_WARN_ABOUT_RETURN_TYPE = YES;
				GCC_WARN_UNINITIALIZED_AUTOS = YES;
				GCC_WARN_UNUSED_VARIABLE = YES;
				HEADER_SEARCH_PATHS = "${PROJECT_DIR}/../WorldWind/**";
				IPHONEOS_DEPLOYMENT_TARGET = 6.0;
				OTHER_CFLAGS = "-DNS_BLOCK_ASSERTIONS=1";
				SDKROOT = iphoneos;
				TARGETED_DEVICE_FAMILY = "1,2";
				VALIDATE_PRODUCT = YES;
			};
			name = Release;
		};
		0B981423165FFA4900193E50 /* Debug */ = {
			isa = XCBuildConfiguration;
			buildSettings = {
				GCC_PRECOMPILE_PREFIX_HEADER = YES;
				GCC_PREFIX_HEADER = "WorldWindExamples/WorldWindExamples-Prefix.pch";
				INFOPLIST_FILE = "WorldWindExamples/WorldWindExamples-Info.plist";
				IPHONEOS_DEPLOYMENT_TARGET = 5.1;
				LIBRARY_SEARCH_PATHS = (
					"$(inherited)",
					"\"$(SRCROOT)/../../../Library/Developer/Xcode/DerivedData/WorldWindIOS-gzckgckmqhxtmbhfmsciqmmjrupa/Build/Products/Debug-iphoneos\"",
				);
				PRODUCT_NAME = "$(TARGET_NAME)";
				WRAPPER_EXTENSION = app;
			};
			name = Debug;
		};
		0B981424165FFA4900193E50 /* Release */ = {
			isa = XCBuildConfiguration;
			buildSettings = {
				GCC_PRECOMPILE_PREFIX_HEADER = YES;
				GCC_PREFIX_HEADER = "WorldWindExamples/WorldWindExamples-Prefix.pch";
				INFOPLIST_FILE = "WorldWindExamples/WorldWindExamples-Info.plist";
				IPHONEOS_DEPLOYMENT_TARGET = 5.1;
				LIBRARY_SEARCH_PATHS = (
					"$(inherited)",
					"\"$(SRCROOT)/../../../Library/Developer/Xcode/DerivedData/WorldWindIOS-gzckgckmqhxtmbhfmsciqmmjrupa/Build/Products/Debug-iphoneos\"",
				);
				PRODUCT_NAME = "$(TARGET_NAME)";
				WRAPPER_EXTENSION = app;
			};
			name = Release;
		};
/* End XCBuildConfiguration section */

/* Begin XCConfigurationList section */
		0B9813FE165FFA4900193E50 /* Build configuration list for PBXProject "WorldWindExamples" */ = {
			isa = XCConfigurationList;
			buildConfigurations = (
				0B981420165FFA4900193E50 /* Debug */,
				0B981421165FFA4900193E50 /* Release */,
			);
			defaultConfigurationIsVisible = 0;
			defaultConfigurationName = Release;
		};
		0B981422165FFA4900193E50 /* Build configuration list for PBXNativeTarget "WorldWindExamples" */ = {
			isa = XCConfigurationList;
			buildConfigurations = (
				0B981423165FFA4900193E50 /* Debug */,
				0B981424165FFA4900193E50 /* Release */,
			);
			defaultConfigurationIsVisible = 0;
			defaultConfigurationName = Release;
		};
/* End XCConfigurationList section */
	};
	rootObject = 0B9813FB165FFA4900193E50 /* Project object */;
}
