// !$*UTF8*$!
{
	archiveVersion = 1;
	classes = {
	};
	objectVersion = 46;
	objects = {

/* Begin PBXBuildFile section */
		0B6B6A8C177271720099EC33 /* AppIconPhone.png in Resources */ = {isa = PBXBuildFile; fileRef = 0B6B6A8B177271720099EC33 /* AppIconPhone.png */; };
		0B6B6A8E1772717C0099EC33 /* AppIconPhone@2x.png in Resources */ = {isa = PBXBuildFile; fileRef = 0B6B6A8D1772717C0099EC33 /* AppIconPhone@2x.png */; };
		0B6B6A90177271840099EC33 /* AppIconPad.png in Resources */ = {isa = PBXBuildFile; fileRef = 0B6B6A8F177271840099EC33 /* AppIconPad.png */; };
		0B6B6A92177271890099EC33 /* AppIconPad@2x.png in Resources */ = {isa = PBXBuildFile; fileRef = 0B6B6A91177271890099EC33 /* AppIconPad@2x.png */; };
		0B981409165FFA4900193E50 /* UIKit.framework in Frameworks */ = {isa = PBXBuildFile; fileRef = 0B981408165FFA4900193E50 /* UIKit.framework */; };
		0B98140B165FFA4900193E50 /* Foundation.framework in Frameworks */ = {isa = PBXBuildFile; fileRef = 0B98140A165FFA4900193E50 /* Foundation.framework */; };
		0B98140D165FFA4900193E50 /* CoreGraphics.framework in Frameworks */ = {isa = PBXBuildFile; fileRef = 0B98140C165FFA4900193E50 /* CoreGraphics.framework */; };
		0B981413165FFA4900193E50 /* InfoPlist.strings in Resources */ = {isa = PBXBuildFile; fileRef = 0B981411165FFA4900193E50 /* InfoPlist.strings */; };
		0B981415165FFA4900193E50 /* main.m in Sources */ = {isa = PBXBuildFile; fileRef = 0B981414165FFA4900193E50 /* main.m */; };
		0B981419165FFA4900193E50 /* AppDelegate.m in Sources */ = {isa = PBXBuildFile; fileRef = 0B981418165FFA4900193E50 /* AppDelegate.m */; };
		0B98141B165FFA4900193E50 /* Default.png in Resources */ = {isa = PBXBuildFile; fileRef = 0B98141A165FFA4900193E50 /* Default.png */; };
		0B98141D165FFA4900193E50 /* Default@2x.png in Resources */ = {isa = PBXBuildFile; fileRef = 0B98141C165FFA4900193E50 /* Default@2x.png */; };
		0B98141F165FFA4900193E50 /* Default-568h@2x.png in Resources */ = {isa = PBXBuildFile; fileRef = 0B98141E165FFA4900193E50 /* Default-568h@2x.png */; };
		0B981427165FFA9C00193E50 /* ViewController.m in Sources */ = {isa = PBXBuildFile; fileRef = 0B981426165FFA9C00193E50 /* ViewController.m */; };
		0B98142B165FFB1200193E50 /* libWorldWind.a in Frameworks */ = {isa = PBXBuildFile; fileRef = 0B981428165FFB1200193E50 /* libWorldWind.a */; };
		0B98142C165FFB1200193E50 /* OpenGLES.framework in Frameworks */ = {isa = PBXBuildFile; fileRef = 0B981429165FFB1200193E50 /* OpenGLES.framework */; };
		0B98142D165FFB1200193E50 /* QuartzCore.framework in Frameworks */ = {isa = PBXBuildFile; fileRef = 0B98142A165FFB1200193E50 /* QuartzCore.framework */; };
		0BA1E9DE16B09B92004F3619 /* SystemConfiguration.framework in Frameworks */ = {isa = PBXBuildFile; fileRef = 0BA1E9DD16B09B92004F3619 /* SystemConfiguration.framework */; };
		1BF9A0795355CE505BDA7B79 /* 431-yes@2x.png in Resources */ = {isa = PBXBuildFile; fileRef = 1BF9A01B81E26189A95F3975 /* 431-yes@2x.png */; };
		1BF9A1502D44897945819C46 /* TextViewController.m in Sources */ = {isa = PBXBuildFile; fileRef = 1BF9AD514AAFF11ABADB45A5 /* TextViewController.m */; };
		1BF9A1AFEB7A2BEB1AE2165F /* 01-refresh.png in Resources */ = {isa = PBXBuildFile; fileRef = 1BF9AE7F3ED17C02DDD3B2F2 /* 01-refresh.png */; };
		1BF9A1F56C3FEB0A8EF83D17 /* LocationArrow.png in Resources */ = {isa = PBXBuildFile; fileRef = 1BF9AB1691F5F503DA190C9D /* LocationArrow.png */; };
		1BF9A22D44C02F8D4B15054C /* FAAChartsAlaskaLayer.m in Sources */ = {isa = PBXBuildFile; fileRef = 1BF9A6256E1642A6427E09E8 /* FAAChartsAlaskaLayer.m */; };
		1BF9A28899441A9DD158CB5E /* PathFollower.m in Sources */ = {isa = PBXBuildFile; fileRef = 1BF9ADD8201254F0EE8F68D7 /* PathFollower.m */; };
		1BF9A2C0316413875D9C87B4 /* LocationArrow@2x.png in Resources */ = {isa = PBXBuildFile; fileRef = 1BF9AB496C1FFD7B422C2517 /* LocationArrow@2x.png */; };
		1BF9A3140F5F397AAA155F5D /* LocationArrowWithLine@2x.png in Resources */ = {isa = PBXBuildFile; fileRef = 1BF9ACFE62D5FF843B414122 /* LocationArrowWithLine@2x.png */; };
		1BF9A3808E7422E619393F4F /* LayerList.png in Resources */ = {isa = PBXBuildFile; fileRef = 1BF9AF7CA370D26918C6F6C2 /* LayerList.png */; };
		1BF9A3FA608166273CC38FD0 /* CompassLayer.m in Sources */ = {isa = PBXBuildFile; fileRef = 1BF9A6DC110D3C4E1B10D422 /* CompassLayer.m */; };
		1BF9A4B7FC05EAA0A17C18B7 /* LocationArrowWithLine.png in Resources */ = {isa = PBXBuildFile; fileRef = 1BF9A627E3200F91E57DB55B /* LocationArrowWithLine.png */; };
		1BF9A4D3DD8852CE0212B32B /* METARDataViewController.m in Sources */ = {isa = PBXBuildFile; fileRef = 1BF9A05A1858153A6800537D /* METARDataViewController.m */; };
		1BF9A54C4E58461263B7308F /* RenderableLayerDetailController.m in Sources */ = {isa = PBXBuildFile; fileRef = 1BF9A7D1C4278F9DEE4FEAC5 /* RenderableLayerDetailController.m */; };
		1BF9A565CB92F044B2428F4F /* DimensionedLayerController.m in Sources */ = {isa = PBXBuildFile; fileRef = 1BF9AACCFD47775EED0A0FD5 /* DimensionedLayerController.m */; };
		1BF9A5A868AB1E0EFEA8FD70 /* CrashDataViewController.m in Sources */ = {isa = PBXBuildFile; fileRef = 1BF9ACD480332BBFA1F8148E /* CrashDataViewController.m */; };
		1BF9A5B5A929248F1D2032CA /* WMSServerDetailController.m in Sources */ = {isa = PBXBuildFile; fileRef = 1BF9A8D51F69D01809241BB6 /* WMSServerDetailController.m */; };
		1BF9A7618580612796F17CAD /* weather32x32.png in Resources */ = {isa = PBXBuildFile; fileRef = 1BF9AF5C7DA04FDC61BD6955 /* weather32x32.png */; };
		1BF9A7A5B73DAF4595B19E9D /* LayerListController.m in Sources */ = {isa = PBXBuildFile; fileRef = 1BF9A33B6444E14E329DF631 /* LayerListController.m */; };
		1BF9A7DFC72EB2865630EB6D /* 05-plus@2x.png in Resources */ = {isa = PBXBuildFile; fileRef = 1BF9AACF3638955AF051E92A /* 05-plus@2x.png */; };
		1BF9A87BCA5ED57E97A98C8E /* WMSServerListController.m in Sources */ = {isa = PBXBuildFile; fileRef = 1BF9A9B79FB64BB44A6B544F /* WMSServerListController.m */; };
		1BF9A8A660B45B1F88E9F4F1 /* METARLayer.m in Sources */ = {isa = PBXBuildFile; fileRef = 1BF9A6D3C61508551E33096C /* METARLayer.m */; };
		1BF9A8EB0D672FF9BB960898 /* WMSLayerDetailController.m in Sources */ = {isa = PBXBuildFile; fileRef = 1BF9AA200F75C073152E5028 /* WMSLayerDetailController.m */; };
		1BF9A9BC62EEAA4E0169097B /* placemark_circle.png in Resources */ = {isa = PBXBuildFile; fileRef = 1BF9A29C4B173C1DF842B3E2 /* placemark_circle.png */; };
		1BF9AA78132C53846348F275 /* LocationArrowWhite@2x.png in Resources */ = {isa = PBXBuildFile; fileRef = 1BF9A8D3C40F4DA7C5A36B5A /* LocationArrowWhite@2x.png */; };
		1BF9AB4C9D70238AE41EDCB1 /* 401-globe.png in Resources */ = {isa = PBXBuildFile; fileRef = 1BF9AEFC0470E1CAD0CBEEAC /* 401-globe.png */; };
		1BF9AB9434B6C975724AC5AF /* LocationArrowWhite.png in Resources */ = {isa = PBXBuildFile; fileRef = 1BF9A1ADB4428DD6D44D465F /* LocationArrowWhite.png */; };
		1BF9ABA85CFA76FF0DFD4111 /* LayerList@2x.png in Resources */ = {isa = PBXBuildFile; fileRef = 1BF9AE0128F759974BCF9E0F /* LayerList@2x.png */; };
		1BF9ABF69A7796F56CAB773A /* 431-yes.png in Resources */ = {isa = PBXBuildFile; fileRef = 1BF9AA3FE811C2CC7278B79E /* 431-yes.png */; };
		1BF9AC52C1DC8E216F366D09 /* 01-refresh@2x.png in Resources */ = {isa = PBXBuildFile; fileRef = 1BF9A0B890751E69BEF0FCD2 /* 01-refresh@2x.png */; };
		1BF9ACC3960E65076911FC95 /* CrashDataLayer.m in Sources */ = {isa = PBXBuildFile; fileRef = 1BF9A0F045D17989445FC7AC /* CrashDataLayer.m */; };
		1BF9ACDFB5114A1409060406 /* 05-plus.png in Resources */ = {isa = PBXBuildFile; fileRef = 1BF9A7DDCF1150BE8DC39CB4 /* 05-plus.png */; };
		1BF9AD0880D26B6D6F5BD587 /* WebViewController.m in Sources */ = {isa = PBXBuildFile; fileRef = 1BF9A883A9B7EC2E84177CA1 /* WebViewController.m */; };
		1BF9AE4238EBFC5BB68AFD33 /* ImageLayerDetailController.m in Sources */ = {isa = PBXBuildFile; fileRef = 1BF9A4AEA039503D44E9A622 /* ImageLayerDetailController.m */; };
		1BF9AECE6139EF331304E399 /* notched-compass.png in Resources */ = {isa = PBXBuildFile; fileRef = 1BF9A1275AB326922EBBE19B /* notched-compass.png */; };
		1BF9AF344D1D325BDD5FFF06 /* 401-globe@2x.png in Resources */ = {isa = PBXBuildFile; fileRef = 1BF9A42586E74D80551AFE5D /* 401-globe@2x.png */; };
		1BF9AFC1758FD5C46F500C11 /* FrameStatisticsController.m in Sources */ = {isa = PBXBuildFile; fileRef = 1BF9A72418F74D2029B777D2 /* FrameStatisticsController.m */; };
		CC8CF2F9C5BBEDDCD4B6B2EE /* 12-eye@2x.png in Resources */ = {isa = PBXBuildFile; fileRef = CC8CFEB25C541BB31BFC44EC /* 12-eye@2x.png */; };
		CC8CF4BD558DF026E054686A /* 265-download.png in Resources */ = {isa = PBXBuildFile; fileRef = CC8CFF4DFF5AD42484FD6282 /* 265-download.png */; };
		CC8CF5512B53C3EF0B0435E2 /* 433-x.png in Resources */ = {isa = PBXBuildFile; fileRef = CC8CF5EEA389022B9C529C1B /* 433-x.png */; };
		CC8CF7787B8343277F898428 /* 38-airplane-location@2x.png in Resources */ = {isa = PBXBuildFile; fileRef = CC8CFBBC5C1B77073C064455 /* 38-airplane-location@2x.png */; };
		CC8CF84C16F54B3F06D028BA /* 38-airplane@2x.png in Resources */ = {isa = PBXBuildFile; fileRef = CC8CF99E42B3AB6C6A14F456 /* 38-airplane@2x.png */; };
		CC8CF980F11A8AC4E0AC0E46 /* 38-airplane.png in Resources */ = {isa = PBXBuildFile; fileRef = CC8CF9A9467CE4E20E95BEBE /* 38-airplane.png */; };
		CC8CF9C44307A4EB5E329F68 /* AnyGestureRecognizer.m in Sources */ = {isa = PBXBuildFile; fileRef = CC8CFDF420D148D18BAE737D /* AnyGestureRecognizer.m */; };
		CC8CF9C4C16D03A3F7123513 /* 12-eye.png in Resources */ = {isa = PBXBuildFile; fileRef = CC8CFA4D046C38F2004FBE20 /* 12-eye.png */; };
		CC8CFA0C900B142B4810209B /* 265-download@2x.png in Resources */ = {isa = PBXBuildFile; fileRef = CC8CF925AD92D7E6B6A7B605 /* 265-download@2x.png */; };
		CC8CFA42FE2EA85F20F51660 /* BulkRetrieverController.m in Sources */ = {isa = PBXBuildFile; fileRef = CC8CF74B640D7FE573F97C3E /* BulkRetrieverController.m */; };
		CC8CFC0ABD6A375894C4F67E /* NavigatorSettingsController.m in Sources */ = {isa = PBXBuildFile; fileRef = CC8CFBE1B52CBA4C0F2D9326 /* NavigatorSettingsController.m */; };
		CC8CFC1F474B48BA559D4087 /* CoreLocation.framework in Frameworks */ = {isa = PBXBuildFile; fileRef = CC8CFF7D04745580967268D4 /* CoreLocation.framework */; };
		CC8CFD084BA434A8AFC44978 /* 433-x@2x.png in Resources */ = {isa = PBXBuildFile; fileRef = CC8CF63C7E6A3363FF1483D4 /* 433-x@2x.png */; };
		CC8CFE2B1096B307ABBB97B9 /* TrackingController.m in Sources */ = {isa = PBXBuildFile; fileRef = CC8CF750B72023436AB47C9B /* TrackingController.m */; };
		CC8CFF1EDE4A8F7B28932830 /* 38-airplane-location.png in Resources */ = {isa = PBXBuildFile; fileRef = CC8CF85477B5808B3F186BC4 /* 38-airplane-location.png */; };
/* End PBXBuildFile section */

/* Begin PBXFileReference section */
		0B6B6A8B177271720099EC33 /* AppIconPhone.png */ = {isa = PBXFileReference; lastKnownFileType = image.png; path = AppIconPhone.png; sourceTree = "<group>"; };
		0B6B6A8D1772717C0099EC33 /* AppIconPhone@2x.png */ = {isa = PBXFileReference; lastKnownFileType = image.png; path = "AppIconPhone@2x.png"; sourceTree = "<group>"; };
		0B6B6A8F177271840099EC33 /* AppIconPad.png */ = {isa = PBXFileReference; lastKnownFileType = image.png; path = AppIconPad.png; sourceTree = "<group>"; };
		0B6B6A91177271890099EC33 /* AppIconPad@2x.png */ = {isa = PBXFileReference; lastKnownFileType = image.png; path = "AppIconPad@2x.png"; sourceTree = "<group>"; };
		0B981404165FFA4900193E50 /* WorldWindExamples.app */ = {isa = PBXFileReference; explicitFileType = wrapper.application; includeInIndex = 0; path = WorldWindExamples.app; sourceTree = BUILT_PRODUCTS_DIR; };
		0B981408165FFA4900193E50 /* UIKit.framework */ = {isa = PBXFileReference; lastKnownFileType = wrapper.framework; name = UIKit.framework; path = System/Library/Frameworks/UIKit.framework; sourceTree = SDKROOT; };
		0B98140A165FFA4900193E50 /* Foundation.framework */ = {isa = PBXFileReference; lastKnownFileType = wrapper.framework; name = Foundation.framework; path = System/Library/Frameworks/Foundation.framework; sourceTree = SDKROOT; };
		0B98140C165FFA4900193E50 /* CoreGraphics.framework */ = {isa = PBXFileReference; lastKnownFileType = wrapper.framework; name = CoreGraphics.framework; path = System/Library/Frameworks/CoreGraphics.framework; sourceTree = SDKROOT; };
		0B981410165FFA4900193E50 /* WorldWindExamples-Info.plist */ = {isa = PBXFileReference; lastKnownFileType = text.plist.xml; path = "WorldWindExamples-Info.plist"; sourceTree = "<group>"; };
		0B981412165FFA4900193E50 /* en */ = {isa = PBXFileReference; lastKnownFileType = text.plist.strings; name = en; path = en.lproj/InfoPlist.strings; sourceTree = "<group>"; };
		0B981414165FFA4900193E50 /* main.m */ = {isa = PBXFileReference; lastKnownFileType = sourcecode.c.objc; path = main.m; sourceTree = "<group>"; };
		0B981416165FFA4900193E50 /* WorldWindExamples-Prefix.pch */ = {isa = PBXFileReference; lastKnownFileType = sourcecode.c.h; path = "WorldWindExamples-Prefix.pch"; sourceTree = "<group>"; };
		0B981417165FFA4900193E50 /* AppDelegate.h */ = {isa = PBXFileReference; lastKnownFileType = sourcecode.c.h; path = AppDelegate.h; sourceTree = "<group>"; };
		0B981418165FFA4900193E50 /* AppDelegate.m */ = {isa = PBXFileReference; lastKnownFileType = sourcecode.c.objc; path = AppDelegate.m; sourceTree = "<group>"; };
		0B98141A165FFA4900193E50 /* Default.png */ = {isa = PBXFileReference; lastKnownFileType = image.png; path = Default.png; sourceTree = "<group>"; };
		0B98141C165FFA4900193E50 /* Default@2x.png */ = {isa = PBXFileReference; lastKnownFileType = image.png; path = "Default@2x.png"; sourceTree = "<group>"; };
		0B98141E165FFA4900193E50 /* Default-568h@2x.png */ = {isa = PBXFileReference; lastKnownFileType = image.png; path = "Default-568h@2x.png"; sourceTree = "<group>"; };
		0B981425165FFA9C00193E50 /* ViewController.h */ = {isa = PBXFileReference; fileEncoding = 4; lastKnownFileType = sourcecode.c.h; path = ViewController.h; sourceTree = "<group>"; };
		0B981426165FFA9C00193E50 /* ViewController.m */ = {isa = PBXFileReference; fileEncoding = 4; lastKnownFileType = sourcecode.c.objc; path = ViewController.m; sourceTree = "<group>"; };
		0B981428165FFB1200193E50 /* libWorldWind.a */ = {isa = PBXFileReference; lastKnownFileType = archive.ar; name = libWorldWind.a; path = "../../../Library/Developer/Xcode/DerivedData/WorldWindIOS-gzckgckmqhxtmbhfmsciqmmjrupa/Build/Products/Debug-iphoneos/libWorldWind.a"; sourceTree = "<group>"; };
		0B981429165FFB1200193E50 /* OpenGLES.framework */ = {isa = PBXFileReference; lastKnownFileType = wrapper.framework; name = OpenGLES.framework; path = System/Library/Frameworks/OpenGLES.framework; sourceTree = SDKROOT; };
		0B98142A165FFB1200193E50 /* QuartzCore.framework */ = {isa = PBXFileReference; lastKnownFileType = wrapper.framework; name = QuartzCore.framework; path = System/Library/Frameworks/QuartzCore.framework; sourceTree = SDKROOT; };
		0BA1E9DD16B09B92004F3619 /* SystemConfiguration.framework */ = {isa = PBXFileReference; lastKnownFileType = wrapper.framework; name = SystemConfiguration.framework; path = System/Library/Frameworks/SystemConfiguration.framework; sourceTree = SDKROOT; };
		1BF9A01B81E26189A95F3975 /* 431-yes@2x.png */ = {isa = PBXFileReference; lastKnownFileType = image.png; path = "431-yes@2x.png"; sourceTree = "<group>"; };
		1BF9A02E1B5AF5B9FBE88B16 /* METARLayer.h */ = {isa = PBXFileReference; fileEncoding = 4; lastKnownFileType = sourcecode.c.h; path = METARLayer.h; sourceTree = "<group>"; };
		1BF9A05A1858153A6800537D /* METARDataViewController.m */ = {isa = PBXFileReference; fileEncoding = 4; lastKnownFileType = sourcecode.c.objc; path = METARDataViewController.m; sourceTree = "<group>"; };
		1BF9A0B890751E69BEF0FCD2 /* 01-refresh@2x.png */ = {isa = PBXFileReference; lastKnownFileType = image.png; path = "01-refresh@2x.png"; sourceTree = "<group>"; };
		1BF9A0F045D17989445FC7AC /* CrashDataLayer.m */ = {isa = PBXFileReference; fileEncoding = 4; lastKnownFileType = sourcecode.c.objc; path = CrashDataLayer.m; sourceTree = "<group>"; };
		1BF9A1275AB326922EBBE19B /* notched-compass.png */ = {isa = PBXFileReference; lastKnownFileType = image.png; path = "notched-compass.png"; sourceTree = "<group>"; };
		1BF9A129F5857D6C79E73FB0 /* DimensionedLayerController.h */ = {isa = PBXFileReference; fileEncoding = 4; lastKnownFileType = sourcecode.c.h; path = DimensionedLayerController.h; sourceTree = "<group>"; };
		1BF9A1ADB4428DD6D44D465F /* LocationArrowWhite.png */ = {isa = PBXFileReference; lastKnownFileType = image.png; path = LocationArrowWhite.png; sourceTree = "<group>"; };
		1BF9A20092F812AEB8748191 /* WMSServerDetailController.h */ = {isa = PBXFileReference; fileEncoding = 4; lastKnownFileType = sourcecode.c.h; path = WMSServerDetailController.h; sourceTree = "<group>"; };
		1BF9A29C4B173C1DF842B3E2 /* placemark_circle.png */ = {isa = PBXFileReference; lastKnownFileType = image.png; path = placemark_circle.png; sourceTree = "<group>"; };
		1BF9A2ACDA03167D93507F15 /* FAAChartsAlaskaLayer.h */ = {isa = PBXFileReference; fileEncoding = 4; lastKnownFileType = sourcecode.c.h; path = FAAChartsAlaskaLayer.h; sourceTree = "<group>"; };
		1BF9A33B6444E14E329DF631 /* LayerListController.m */ = {isa = PBXFileReference; fileEncoding = 4; lastKnownFileType = sourcecode.c.objc; path = LayerListController.m; sourceTree = "<group>"; };
		1BF9A42586E74D80551AFE5D /* 401-globe@2x.png */ = {isa = PBXFileReference; lastKnownFileType = image.png; path = "401-globe@2x.png"; sourceTree = "<group>"; };
		1BF9A4AEA039503D44E9A622 /* ImageLayerDetailController.m */ = {isa = PBXFileReference; fileEncoding = 4; lastKnownFileType = sourcecode.c.objc; path = ImageLayerDetailController.m; sourceTree = "<group>"; };
		1BF9A6256E1642A6427E09E8 /* FAAChartsAlaskaLayer.m */ = {isa = PBXFileReference; fileEncoding = 4; lastKnownFileType = sourcecode.c.objc; path = FAAChartsAlaskaLayer.m; sourceTree = "<group>"; };
		1BF9A627E3200F91E57DB55B /* LocationArrowWithLine.png */ = {isa = PBXFileReference; lastKnownFileType = image.png; path = LocationArrowWithLine.png; sourceTree = "<group>"; };
		1BF9A6D3C61508551E33096C /* METARLayer.m */ = {isa = PBXFileReference; fileEncoding = 4; lastKnownFileType = sourcecode.c.objc; path = METARLayer.m; sourceTree = "<group>"; };
		1BF9A6DC110D3C4E1B10D422 /* CompassLayer.m */ = {isa = PBXFileReference; fileEncoding = 4; lastKnownFileType = sourcecode.c.objc; path = CompassLayer.m; sourceTree = "<group>"; };
		1BF9A72418F74D2029B777D2 /* FrameStatisticsController.m */ = {isa = PBXFileReference; fileEncoding = 4; lastKnownFileType = sourcecode.c.objc; path = FrameStatisticsController.m; sourceTree = "<group>"; };
		1BF9A733BBE27F55CE4009C9 /* LayerListController.h */ = {isa = PBXFileReference; fileEncoding = 4; lastKnownFileType = sourcecode.c.h; path = LayerListController.h; sourceTree = "<group>"; };
		1BF9A79D694F26A43270F9D0 /* WMSServerListController.h */ = {isa = PBXFileReference; fileEncoding = 4; lastKnownFileType = sourcecode.c.h; path = WMSServerListController.h; sourceTree = "<group>"; };
		1BF9A7D1C4278F9DEE4FEAC5 /* RenderableLayerDetailController.m */ = {isa = PBXFileReference; fileEncoding = 4; lastKnownFileType = sourcecode.c.objc; path = RenderableLayerDetailController.m; sourceTree = "<group>"; };
		1BF9A7DDCF1150BE8DC39CB4 /* 05-plus.png */ = {isa = PBXFileReference; lastKnownFileType = image.png; path = "05-plus.png"; sourceTree = "<group>"; };
		1BF9A83D6101A50B80BAD937 /* TextViewController.h */ = {isa = PBXFileReference; fileEncoding = 4; lastKnownFileType = sourcecode.c.h; path = TextViewController.h; sourceTree = "<group>"; };
		1BF9A883A9B7EC2E84177CA1 /* WebViewController.m */ = {isa = PBXFileReference; fileEncoding = 4; lastKnownFileType = sourcecode.c.objc; path = WebViewController.m; sourceTree = "<group>"; };
		1BF9A89430D386868AB0E815 /* WebViewController.h */ = {isa = PBXFileReference; fileEncoding = 4; lastKnownFileType = sourcecode.c.h; path = WebViewController.h; sourceTree = "<group>"; };
		1BF9A8D3C40F4DA7C5A36B5A /* LocationArrowWhite@2x.png */ = {isa = PBXFileReference; lastKnownFileType = image.png; path = "LocationArrowWhite@2x.png"; sourceTree = "<group>"; };
		1BF9A8D51F69D01809241BB6 /* WMSServerDetailController.m */ = {isa = PBXFileReference; fileEncoding = 4; lastKnownFileType = sourcecode.c.objc; path = WMSServerDetailController.m; sourceTree = "<group>"; };
		1BF9A97EAF1D8CDC2B054235 /* CrashDataViewController.h */ = {isa = PBXFileReference; fileEncoding = 4; lastKnownFileType = sourcecode.c.h; path = CrashDataViewController.h; sourceTree = "<group>"; };
		1BF9A9864578F443A43068DA /* CrashDataLayer.h */ = {isa = PBXFileReference; fileEncoding = 4; lastKnownFileType = sourcecode.c.h; path = CrashDataLayer.h; sourceTree = "<group>"; };
		1BF9A9B79FB64BB44A6B544F /* WMSServerListController.m */ = {isa = PBXFileReference; fileEncoding = 4; lastKnownFileType = sourcecode.c.objc; path = WMSServerListController.m; sourceTree = "<group>"; };
		1BF9AA200F75C073152E5028 /* WMSLayerDetailController.m */ = {isa = PBXFileReference; fileEncoding = 4; lastKnownFileType = sourcecode.c.objc; path = WMSLayerDetailController.m; sourceTree = "<group>"; };
		1BF9AA3FE811C2CC7278B79E /* 431-yes.png */ = {isa = PBXFileReference; lastKnownFileType = image.png; path = "431-yes.png"; sourceTree = "<group>"; };
		1BF9AABCB01FFA0F4CD1C565 /* METARDataViewController.h */ = {isa = PBXFileReference; fileEncoding = 4; lastKnownFileType = sourcecode.c.h; path = METARDataViewController.h; sourceTree = "<group>"; };
		1BF9AACCFD47775EED0A0FD5 /* DimensionedLayerController.m */ = {isa = PBXFileReference; fileEncoding = 4; lastKnownFileType = sourcecode.c.objc; path = DimensionedLayerController.m; sourceTree = "<group>"; };
		1BF9AACF3638955AF051E92A /* 05-plus@2x.png */ = {isa = PBXFileReference; lastKnownFileType = image.png; path = "05-plus@2x.png"; sourceTree = "<group>"; };
		1BF9AB1691F5F503DA190C9D /* LocationArrow.png */ = {isa = PBXFileReference; lastKnownFileType = image.png; path = LocationArrow.png; sourceTree = "<group>"; };
		1BF9AB2921F75FC223A80E69 /* RenderableLayerDetailController.h */ = {isa = PBXFileReference; fileEncoding = 4; lastKnownFileType = sourcecode.c.h; path = RenderableLayerDetailController.h; sourceTree = "<group>"; };
		1BF9AB46598B62B56880FCFA /* ImageLayerDetailController.h */ = {isa = PBXFileReference; fileEncoding = 4; lastKnownFileType = sourcecode.c.h; path = ImageLayerDetailController.h; sourceTree = "<group>"; };
		1BF9AB496C1FFD7B422C2517 /* LocationArrow@2x.png */ = {isa = PBXFileReference; lastKnownFileType = image.png; path = "LocationArrow@2x.png"; sourceTree = "<group>"; };
		1BF9AC983F234E1690B36371 /* CompassLayer.h */ = {isa = PBXFileReference; fileEncoding = 4; lastKnownFileType = sourcecode.c.h; path = CompassLayer.h; sourceTree = "<group>"; };
		1BF9ACD480332BBFA1F8148E /* CrashDataViewController.m */ = {isa = PBXFileReference; fileEncoding = 4; lastKnownFileType = sourcecode.c.objc; path = CrashDataViewController.m; sourceTree = "<group>"; };
		1BF9ACFE62D5FF843B414122 /* LocationArrowWithLine@2x.png */ = {isa = PBXFileReference; lastKnownFileType = image.png; path = "LocationArrowWithLine@2x.png"; sourceTree = "<group>"; };
		1BF9AD514AAFF11ABADB45A5 /* TextViewController.m */ = {isa = PBXFileReference; fileEncoding = 4; lastKnownFileType = sourcecode.c.objc; path = TextViewController.m; sourceTree = "<group>"; };
		1BF9ADD8201254F0EE8F68D7 /* PathFollower.m */ = {isa = PBXFileReference; fileEncoding = 4; lastKnownFileType = sourcecode.c.objc; path = PathFollower.m; sourceTree = "<group>"; };
		1BF9AE0128F759974BCF9E0F /* LayerList@2x.png */ = {isa = PBXFileReference; lastKnownFileType = image.png; path = "LayerList@2x.png"; sourceTree = "<group>"; };
		1BF9AE069D70D0DD13A35EC5 /* PathFollower.h */ = {isa = PBXFileReference; fileEncoding = 4; lastKnownFileType = sourcecode.c.h; path = PathFollower.h; sourceTree = "<group>"; };
		1BF9AE7F3ED17C02DDD3B2F2 /* 01-refresh.png */ = {isa = PBXFileReference; lastKnownFileType = image.png; path = "01-refresh.png"; sourceTree = "<group>"; };
		1BF9AED496831506CFBA44B6 /* FrameStatisticsController.h */ = {isa = PBXFileReference; fileEncoding = 4; lastKnownFileType = sourcecode.c.h; path = FrameStatisticsController.h; sourceTree = "<group>"; };
		1BF9AEFC0470E1CAD0CBEEAC /* 401-globe.png */ = {isa = PBXFileReference; lastKnownFileType = image.png; path = "401-globe.png"; sourceTree = "<group>"; };
		1BF9AF001C236733126C9309 /* WMSLayerDetailController.h */ = {isa = PBXFileReference; fileEncoding = 4; lastKnownFileType = sourcecode.c.h; path = WMSLayerDetailController.h; sourceTree = "<group>"; };
		1BF9AF5C7DA04FDC61BD6955 /* weather32x32.png */ = {isa = PBXFileReference; lastKnownFileType = image.png; path = weather32x32.png; sourceTree = "<group>"; };
		1BF9AF7CA370D26918C6F6C2 /* LayerList.png */ = {isa = PBXFileReference; lastKnownFileType = image.png; path = LayerList.png; sourceTree = "<group>"; };
		CC8CF249E01F7C0375359BBD /* TrackingController.h */ = {isa = PBXFileReference; fileEncoding = 4; lastKnownFileType = sourcecode.c.h; path = TrackingController.h; sourceTree = "<group>"; };
		CC8CF367AC10A6D009DC52FF /* NavigatorSettingsController.h */ = {isa = PBXFileReference; fileEncoding = 4; lastKnownFileType = sourcecode.c.h; path = NavigatorSettingsController.h; sourceTree = "<group>"; };
		CC8CF52B2E44F29383161B78 /* WorldWindExamplesSite.dcproj */ = {isa = PBXFileReference; lastKnownFileType = folder; path = WorldWindExamplesSite.dcproj; sourceTree = "<group>"; };
		CC8CF5EEA389022B9C529C1B /* 433-x.png */ = {isa = PBXFileReference; lastKnownFileType = image.png; path = "433-x.png"; sourceTree = "<group>"; };
		CC8CF63C7E6A3363FF1483D4 /* 433-x@2x.png */ = {isa = PBXFileReference; lastKnownFileType = image.png; path = "433-x@2x.png"; sourceTree = "<group>"; };
		CC8CF74B640D7FE573F97C3E /* BulkRetrieverController.m */ = {isa = PBXFileReference; fileEncoding = 4; lastKnownFileType = sourcecode.c.objc; path = BulkRetrieverController.m; sourceTree = "<group>"; };
		CC8CF750B72023436AB47C9B /* TrackingController.m */ = {isa = PBXFileReference; fileEncoding = 4; lastKnownFileType = sourcecode.c.objc; path = TrackingController.m; sourceTree = "<group>"; };
		CC8CF85477B5808B3F186BC4 /* 38-airplane-location.png */ = {isa = PBXFileReference; lastKnownFileType = image.png; path = "38-airplane-location.png"; sourceTree = "<group>"; };
		CC8CF925AD92D7E6B6A7B605 /* 265-download@2x.png */ = {isa = PBXFileReference; lastKnownFileType = image.png; path = "265-download@2x.png"; sourceTree = "<group>"; };
		CC8CF99E42B3AB6C6A14F456 /* 38-airplane@2x.png */ = {isa = PBXFileReference; lastKnownFileType = image.png; path = "38-airplane@2x.png"; sourceTree = "<group>"; };
		CC8CF9A9467CE4E20E95BEBE /* 38-airplane.png */ = {isa = PBXFileReference; lastKnownFileType = image.png; path = "38-airplane.png"; sourceTree = "<group>"; };
		CC8CFA4D046C38F2004FBE20 /* 12-eye.png */ = {isa = PBXFileReference; lastKnownFileType = image.png; path = "12-eye.png"; sourceTree = "<group>"; };
		CC8CFBBC5C1B77073C064455 /* 38-airplane-location@2x.png */ = {isa = PBXFileReference; lastKnownFileType = image.png; path = "38-airplane-location@2x.png"; sourceTree = "<group>"; };
		CC8CFBE1B52CBA4C0F2D9326 /* NavigatorSettingsController.m */ = {isa = PBXFileReference; fileEncoding = 4; lastKnownFileType = sourcecode.c.objc; path = NavigatorSettingsController.m; sourceTree = "<group>"; };
		CC8CFDF420D148D18BAE737D /* AnyGestureRecognizer.m */ = {isa = PBXFileReference; fileEncoding = 4; lastKnownFileType = sourcecode.c.objc; path = AnyGestureRecognizer.m; sourceTree = "<group>"; };
		CC8CFEB25C541BB31BFC44EC /* 12-eye@2x.png */ = {isa = PBXFileReference; lastKnownFileType = image.png; path = "12-eye@2x.png"; sourceTree = "<group>"; };
		CC8CFECC533D137E906ABAC3 /* AnyGestureRecognizer.h */ = {isa = PBXFileReference; fileEncoding = 4; lastKnownFileType = sourcecode.c.h; path = AnyGestureRecognizer.h; sourceTree = "<group>"; };
		CC8CFF4DFF5AD42484FD6282 /* 265-download.png */ = {isa = PBXFileReference; lastKnownFileType = image.png; path = "265-download.png"; sourceTree = "<group>"; };
		CC8CFF7D04745580967268D4 /* CoreLocation.framework */ = {isa = PBXFileReference; lastKnownFileType = wrapper.framework; name = CoreLocation.framework; path = System/Library/Frameworks/CoreLocation.framework; sourceTree = SDKROOT; };
		CC8CFFB4CFEAA52868C0E392 /* BulkRetrieverController.h */ = {isa = PBXFileReference; fileEncoding = 4; lastKnownFileType = sourcecode.c.h; path = BulkRetrieverController.h; sourceTree = "<group>"; };
/* End PBXFileReference section */

/* Begin PBXFrameworksBuildPhase section */
		0B981401165FFA4900193E50 /* Frameworks */ = {
			isa = PBXFrameworksBuildPhase;
			buildActionMask = 2147483647;
			files = (
				0BA1E9DE16B09B92004F3619 /* SystemConfiguration.framework in Frameworks */,
				0B98142B165FFB1200193E50 /* libWorldWind.a in Frameworks */,
				0B98142C165FFB1200193E50 /* OpenGLES.framework in Frameworks */,
				0B98142D165FFB1200193E50 /* QuartzCore.framework in Frameworks */,
				0B981409165FFA4900193E50 /* UIKit.framework in Frameworks */,
				0B98140B165FFA4900193E50 /* Foundation.framework in Frameworks */,
				0B98140D165FFA4900193E50 /* CoreGraphics.framework in Frameworks */,
				CC8CFC1F474B48BA559D4087 /* CoreLocation.framework in Frameworks */,
			);
			runOnlyForDeploymentPostprocessing = 0;
		};
/* End PBXFrameworksBuildPhase section */

/* Begin PBXGroup section */
		0B9813F9165FFA4900193E50 = {
			isa = PBXGroup;
			children = (
				0B6B6A91177271890099EC33 /* AppIconPad@2x.png */,
				0B6B6A8F177271840099EC33 /* AppIconPad.png */,
				0B6B6A8D1772717C0099EC33 /* AppIconPhone@2x.png */,
				0B6B6A8B177271720099EC33 /* AppIconPhone.png */,
				0BA1E9DD16B09B92004F3619 /* SystemConfiguration.framework */,
				0B98140E165FFA4900193E50 /* WorldWindExamples */,
				0B981407165FFA4900193E50 /* Frameworks */,
				0B981405165FFA4900193E50 /* Products */,
				CC8CF52B2E44F29383161B78 /* WorldWindExamplesSite.dcproj */,
			);
			sourceTree = "<group>";
		};
		0B981405165FFA4900193E50 /* Products */ = {
			isa = PBXGroup;
			children = (
				0B981404165FFA4900193E50 /* WorldWindExamples.app */,
			);
			name = Products;
			sourceTree = "<group>";
		};
		0B981407165FFA4900193E50 /* Frameworks */ = {
			isa = PBXGroup;
			children = (
				0B981428165FFB1200193E50 /* libWorldWind.a */,
				0B981429165FFB1200193E50 /* OpenGLES.framework */,
				0B98142A165FFB1200193E50 /* QuartzCore.framework */,
				0B981408165FFA4900193E50 /* UIKit.framework */,
				0B98140A165FFA4900193E50 /* Foundation.framework */,
				0B98140C165FFA4900193E50 /* CoreGraphics.framework */,
				CC8CFF7D04745580967268D4 /* CoreLocation.framework */,
			);
			name = Frameworks;
			sourceTree = "<group>";
		};
		0B98140E165FFA4900193E50 /* WorldWindExamples */ = {
			isa = PBXGroup;
			children = (
				0B981417165FFA4900193E50 /* AppDelegate.h */,
				0B981418165FFA4900193E50 /* AppDelegate.m */,
				0B98140F165FFA4900193E50 /* Supporting Files */,
				0B981425165FFA9C00193E50 /* ViewController.h */,
				0B981426165FFA9C00193E50 /* ViewController.m */,
				1BF9A33B6444E14E329DF631 /* LayerListController.m */,
				1BF9A733BBE27F55CE4009C9 /* LayerListController.h */,
				CC8CFDF420D148D18BAE737D /* AnyGestureRecognizer.m */,
				CC8CFECC533D137E906ABAC3 /* AnyGestureRecognizer.h */,
				1BF9ADD8201254F0EE8F68D7 /* PathFollower.m */,
				1BF9AE069D70D0DD13A35EC5 /* PathFollower.h */,
				CC8CF249E01F7C0375359BBD /* TrackingController.h */,
				CC8CF750B72023436AB47C9B /* TrackingController.m */,
				1BF9A4AEA039503D44E9A622 /* ImageLayerDetailController.m */,
				1BF9AB46598B62B56880FCFA /* ImageLayerDetailController.h */,
				1BF9A7D1C4278F9DEE4FEAC5 /* RenderableLayerDetailController.m */,
				1BF9AB2921F75FC223A80E69 /* RenderableLayerDetailController.h */,
				1BF9A6256E1642A6427E09E8 /* FAAChartsAlaskaLayer.m */,
				1BF9A2ACDA03167D93507F15 /* FAAChartsAlaskaLayer.h */,
				CC8CF367AC10A6D009DC52FF /* NavigatorSettingsController.h */,
				CC8CFBE1B52CBA4C0F2D9326 /* NavigatorSettingsController.m */,
				1BF9A0F045D17989445FC7AC /* CrashDataLayer.m */,
				1BF9A9864578F443A43068DA /* CrashDataLayer.h */,
				1BF9ACD480332BBFA1F8148E /* CrashDataViewController.m */,
				1BF9A97EAF1D8CDC2B054235 /* CrashDataViewController.h */,
				1BF9A9B79FB64BB44A6B544F /* WMSServerListController.m */,
				1BF9A79D694F26A43270F9D0 /* WMSServerListController.h */,
				1BF9A8D51F69D01809241BB6 /* WMSServerDetailController.m */,
				1BF9A20092F812AEB8748191 /* WMSServerDetailController.h */,
				1BF9AA200F75C073152E5028 /* WMSLayerDetailController.m */,
				1BF9AF001C236733126C9309 /* WMSLayerDetailController.h */,
				1BF9AD514AAFF11ABADB45A5 /* TextViewController.m */,
				1BF9A83D6101A50B80BAD937 /* TextViewController.h */,
				1BF9A883A9B7EC2E84177CA1 /* WebViewController.m */,
				1BF9A89430D386868AB0E815 /* WebViewController.h */,
				1BF9A6D3C61508551E33096C /* METARLayer.m */,
				1BF9A02E1B5AF5B9FBE88B16 /* METARLayer.h */,
				1BF9A05A1858153A6800537D /* METARDataViewController.m */,
				1BF9AABCB01FFA0F4CD1C565 /* METARDataViewController.h */,
				CC8CFFB4CFEAA52868C0E392 /* BulkRetrieverController.h */,
				CC8CF74B640D7FE573F97C3E /* BulkRetrieverController.m */,
				1BF9A72418F74D2029B777D2 /* FrameStatisticsController.m */,
				1BF9AED496831506CFBA44B6 /* FrameStatisticsController.h */,
				1BF9A6DC110D3C4E1B10D422 /* CompassLayer.m */,
				1BF9AC983F234E1690B36371 /* CompassLayer.h */,
				1BF9AACCFD47775EED0A0FD5 /* DimensionedLayerController.m */,
				1BF9A129F5857D6C79E73FB0 /* DimensionedLayerController.h */,
			);
			path = WorldWindExamples;
			sourceTree = "<group>";
		};
		0B98140F165FFA4900193E50 /* Supporting Files */ = {
			isa = PBXGroup;
			children = (
				0B981410165FFA4900193E50 /* WorldWindExamples-Info.plist */,
				0B981411165FFA4900193E50 /* InfoPlist.strings */,
				0B981414165FFA4900193E50 /* main.m */,
				0B981416165FFA4900193E50 /* WorldWindExamples-Prefix.pch */,
				0B98141A165FFA4900193E50 /* Default.png */,
				0B98141C165FFA4900193E50 /* Default@2x.png */,
				0B98141E165FFA4900193E50 /* Default-568h@2x.png */,
				1BF9AF7CA370D26918C6F6C2 /* LayerList.png */,
				1BF9AE0128F759974BCF9E0F /* LayerList@2x.png */,
				1BF9AB1691F5F503DA190C9D /* LocationArrow.png */,
				1BF9AB496C1FFD7B422C2517 /* LocationArrow@2x.png */,
				1BF9A1ADB4428DD6D44D465F /* LocationArrowWhite.png */,
				1BF9A8D3C40F4DA7C5A36B5A /* LocationArrowWhite@2x.png */,
				1BF9A627E3200F91E57DB55B /* LocationArrowWithLine.png */,
				1BF9ACFE62D5FF843B414122 /* LocationArrowWithLine@2x.png */,
				1BF9AA3FE811C2CC7278B79E /* 431-yes.png */,
				1BF9A01B81E26189A95F3975 /* 431-yes@2x.png */,
				CC8CF85477B5808B3F186BC4 /* 38-airplane-location.png */,
				CC8CFBBC5C1B77073C064455 /* 38-airplane-location@2x.png */,
				CC8CF9A9467CE4E20E95BEBE /* 38-airplane.png */,
				CC8CF99E42B3AB6C6A14F456 /* 38-airplane@2x.png */,
				CC8CFA4D046C38F2004FBE20 /* 12-eye.png */,
				CC8CFEB25C541BB31BFC44EC /* 12-eye@2x.png */,
				1BF9A29C4B173C1DF842B3E2 /* placemark_circle.png */,
				1BF9AEFC0470E1CAD0CBEEAC /* 401-globe.png */,
				1BF9A42586E74D80551AFE5D /* 401-globe@2x.png */,
				1BF9A7DDCF1150BE8DC39CB4 /* 05-plus.png */,
				1BF9AACF3638955AF051E92A /* 05-plus@2x.png */,
				1BF9AE7F3ED17C02DDD3B2F2 /* 01-refresh.png */,
				1BF9A0B890751E69BEF0FCD2 /* 01-refresh@2x.png */,
				1BF9AF5C7DA04FDC61BD6955 /* weather32x32.png */,
				CC8CFF4DFF5AD42484FD6282 /* 265-download.png */,
				CC8CF925AD92D7E6B6A7B605 /* 265-download@2x.png */,
				CC8CF5EEA389022B9C529C1B /* 433-x.png */,
				CC8CF63C7E6A3363FF1483D4 /* 433-x@2x.png */,
				1BF9A1275AB326922EBBE19B /* notched-compass.png */,
			);
			name = "Supporting Files";
			sourceTree = "<group>";
		};
/* End PBXGroup section */

/* Begin PBXNativeTarget section */
		0B981403165FFA4900193E50 /* WorldWindExamples */ = {
			isa = PBXNativeTarget;
			buildConfigurationList = 0B981422165FFA4900193E50 /* Build configuration list for PBXNativeTarget "WorldWindExamples" */;
			buildPhases = (
				0B981400165FFA4900193E50 /* Sources */,
				0B981401165FFA4900193E50 /* Frameworks */,
				0B981402165FFA4900193E50 /* Resources */,
			);
			buildRules = (
			);
			dependencies = (
			);
			name = WorldWindExamples;
			productName = WorldWindExamples;
			productReference = 0B981404165FFA4900193E50 /* WorldWindExamples.app */;
			productType = "com.apple.product-type.application";
		};
/* End PBXNativeTarget section */

/* Begin PBXProject section */
		0B9813FB165FFA4900193E50 /* Project object */ = {
			isa = PBXProject;
			attributes = {
				LastUpgradeCheck = 0450;
				ORGANIZATIONNAME = "NASA World Wind";
			};
			buildConfigurationList = 0B9813FE165FFA4900193E50 /* Build configuration list for PBXProject "WorldWindExamples" */;
			compatibilityVersion = "Xcode 3.2";
			developmentRegion = English;
			hasScannedForEncodings = 0;
			knownRegions = (
				en,
			);
			mainGroup = 0B9813F9165FFA4900193E50;
			productRefGroup = 0B981405165FFA4900193E50 /* Products */;
			projectDirPath = "";
			projectRoot = "";
			targets = (
				0B981403165FFA4900193E50 /* WorldWindExamples */,
			);
		};
/* End PBXProject section */

/* Begin PBXResourcesBuildPhase section */
		0B981402165FFA4900193E50 /* Resources */ = {
			isa = PBXResourcesBuildPhase;
			buildActionMask = 2147483647;
			files = (
				0B981413165FFA4900193E50 /* InfoPlist.strings in Resources */,
				0B98141B165FFA4900193E50 /* Default.png in Resources */,
				0B98141D165FFA4900193E50 /* Default@2x.png in Resources */,
				0B98141F165FFA4900193E50 /* Default-568h@2x.png in Resources */,
				1BF9A3808E7422E619393F4F /* LayerList.png in Resources */,
				1BF9ABA85CFA76FF0DFD4111 /* LayerList@2x.png in Resources */,
				1BF9A1F56C3FEB0A8EF83D17 /* LocationArrow.png in Resources */,
				1BF9A2C0316413875D9C87B4 /* LocationArrow@2x.png in Resources */,
				1BF9AB9434B6C975724AC5AF /* LocationArrowWhite.png in Resources */,
				1BF9AA78132C53846348F275 /* LocationArrowWhite@2x.png in Resources */,
				1BF9A4B7FC05EAA0A17C18B7 /* LocationArrowWithLine.png in Resources */,
				1BF9A3140F5F397AAA155F5D /* LocationArrowWithLine@2x.png in Resources */,
				1BF9ABF69A7796F56CAB773A /* 431-yes.png in Resources */,
				1BF9A0795355CE505BDA7B79 /* 431-yes@2x.png in Resources */,
				CC8CFF1EDE4A8F7B28932830 /* 38-airplane-location.png in Resources */,
				CC8CF7787B8343277F898428 /* 38-airplane-location@2x.png in Resources */,
				CC8CF980F11A8AC4E0AC0E46 /* 38-airplane.png in Resources */,
				CC8CF84C16F54B3F06D028BA /* 38-airplane@2x.png in Resources */,
				CC8CF9C4C16D03A3F7123513 /* 12-eye.png in Resources */,
				CC8CF2F9C5BBEDDCD4B6B2EE /* 12-eye@2x.png in Resources */,
				1BF9A9BC62EEAA4E0169097B /* placemark_circle.png in Resources */,
				1BF9AB4C9D70238AE41EDCB1 /* 401-globe.png in Resources */,
				1BF9AF344D1D325BDD5FFF06 /* 401-globe@2x.png in Resources */,
				1BF9ACDFB5114A1409060406 /* 05-plus.png in Resources */,
				1BF9A7DFC72EB2865630EB6D /* 05-plus@2x.png in Resources */,
				1BF9A1AFEB7A2BEB1AE2165F /* 01-refresh.png in Resources */,
				1BF9AC52C1DC8E216F366D09 /* 01-refresh@2x.png in Resources */,
				1BF9A7618580612796F17CAD /* weather32x32.png in Resources */,
				CC8CF4BD558DF026E054686A /* 265-download.png in Resources */,
				CC8CFA0C900B142B4810209B /* 265-download@2x.png in Resources */,
				CC8CF5512B53C3EF0B0435E2 /* 433-x.png in Resources */,
				CC8CFD084BA434A8AFC44978 /* 433-x@2x.png in Resources */,
				0B6B6A8C177271720099EC33 /* AppIconPhone.png in Resources */,
				0B6B6A8E1772717C0099EC33 /* AppIconPhone@2x.png in Resources */,
				0B6B6A90177271840099EC33 /* AppIconPad.png in Resources */,
				0B6B6A92177271890099EC33 /* AppIconPad@2x.png in Resources */,
				1BF9AECE6139EF331304E399 /* notched-compass.png in Resources */,
			);
			runOnlyForDeploymentPostprocessing = 0;
		};
/* End PBXResourcesBuildPhase section */

/* Begin PBXSourcesBuildPhase section */
		0B981400165FFA4900193E50 /* Sources */ = {
			isa = PBXSourcesBuildPhase;
			buildActionMask = 2147483647;
			files = (
				0B981415165FFA4900193E50 /* main.m in Sources */,
				0B981419165FFA4900193E50 /* AppDelegate.m in Sources */,
				0B981427165FFA9C00193E50 /* ViewController.m in Sources */,
				1BF9A7A5B73DAF4595B19E9D /* LayerListController.m in Sources */,
				CC8CF9C44307A4EB5E329F68 /* AnyGestureRecognizer.m in Sources */,
				1BF9A28899441A9DD158CB5E /* PathFollower.m in Sources */,
				CC8CFE2B1096B307ABBB97B9 /* TrackingController.m in Sources */,
				1BF9AE4238EBFC5BB68AFD33 /* ImageLayerDetailController.m in Sources */,
				1BF9A54C4E58461263B7308F /* RenderableLayerDetailController.m in Sources */,
				1BF9A22D44C02F8D4B15054C /* FAAChartsAlaskaLayer.m in Sources */,
				CC8CFC0ABD6A375894C4F67E /* NavigatorSettingsController.m in Sources */,
				1BF9ACC3960E65076911FC95 /* CrashDataLayer.m in Sources */,
				1BF9A5A868AB1E0EFEA8FD70 /* CrashDataViewController.m in Sources */,
				1BF9A87BCA5ED57E97A98C8E /* WMSServerListController.m in Sources */,
				1BF9A5B5A929248F1D2032CA /* WMSServerDetailController.m in Sources */,
				1BF9A8EB0D672FF9BB960898 /* WMSLayerDetailController.m in Sources */,
				1BF9A1502D44897945819C46 /* TextViewController.m in Sources */,
				1BF9AD0880D26B6D6F5BD587 /* WebViewController.m in Sources */,
				1BF9A8A660B45B1F88E9F4F1 /* METARLayer.m in Sources */,
				1BF9A4D3DD8852CE0212B32B /* METARDataViewController.m in Sources */,
				CC8CFA42FE2EA85F20F51660 /* BulkRetrieverController.m in Sources */,
				1BF9AFC1758FD5C46F500C11 /* FrameStatisticsController.m in Sources */,
				1BF9A3FA608166273CC38FD0 /* CompassLayer.m in Sources */,
				1BF9A565CB92F044B2428F4F /* DimensionedLayerController.m in Sources */,
			);
			runOnlyForDeploymentPostprocessing = 0;
		};
/* End PBXSourcesBuildPhase section */

/* Begin PBXVariantGroup section */
		0B981411165FFA4900193E50 /* InfoPlist.strings */ = {
			isa = PBXVariantGroup;
			children = (
				0B981412165FFA4900193E50 /* en */,
			);
			name = InfoPlist.strings;
			sourceTree = "<group>";
		};
/* End PBXVariantGroup section */

/* Begin XCBuildConfiguration section */
		0B981420165FFA4900193E50 /* Debug */ = {
			isa = XCBuildConfiguration;
			buildSettings = {
				ALWAYS_SEARCH_USER_PATHS = NO;
				CLANG_CXX_LANGUAGE_STANDARD = "gnu++0x";
				CLANG_CXX_LIBRARY = "libc++";
				CLANG_ENABLE_OBJC_ARC = YES;
				CLANG_WARN_EMPTY_BODY = YES;
				CLANG_WARN__DUPLICATE_METHOD_MATCH = YES;
				"CODE_SIGN_IDENTITY[sdk=iphoneos*]" = "iPhone Developer";
				COPY_PHASE_STRIP = NO;
				GCC_C_LANGUAGE_STANDARD = gnu99;
				GCC_DYNAMIC_NO_PIC = NO;
				GCC_OPTIMIZATION_LEVEL = 0;
				GCC_PREPROCESSOR_DEFINITIONS = (
					"DEBUG=1",
					"$(inherited)",
				);
				GCC_SYMBOLS_PRIVATE_EXTERN = NO;
				GCC_WARN_ABOUT_RETURN_TYPE = YES;
				GCC_WARN_UNINITIALIZED_AUTOS = YES;
				GCC_WARN_UNUSED_VARIABLE = YES;
				HEADER_SEARCH_PATHS = "${PROJECT_DIR}/../WorldWind/**";
				IPHONEOS_DEPLOYMENT_TARGET = 6.0;
				ONLY_ACTIVE_ARCH = YES;
				SDKROOT = iphoneos;
				TARGETED_DEVICE_FAMILY = "1,2";
			};
			name = Debug;
		};
		0B981421165FFA4900193E50 /* Release */ = {
			isa = XCBuildConfiguration;
			buildSettings = {
				ALWAYS_SEARCH_USER_PATHS = NO;
				CLANG_CXX_LANGUAGE_STANDARD = "gnu++0x";
				CLANG_CXX_LIBRARY = "libc++";
				CLANG_ENABLE_OBJC_ARC = YES;
				CLANG_WARN_EMPTY_BODY = YES;
				CLANG_WARN__DUPLICATE_METHOD_MATCH = YES;
				"CODE_SIGN_IDENTITY[sdk=iphoneos*]" = "iPhone Developer";
				COPY_PHASE_STRIP = YES;
				GCC_C_LANGUAGE_STANDARD = gnu99;
				GCC_WARN_ABOUT_RETURN_TYPE = YES;
				GCC_WARN_UNINITIALIZED_AUTOS = YES;
				GCC_WARN_UNUSED_VARIABLE = YES;
				HEADER_SEARCH_PATHS = "${PROJECT_DIR}/../WorldWind/**";
				IPHONEOS_DEPLOYMENT_TARGET = 6.0;
				OTHER_CFLAGS = "-DNS_BLOCK_ASSERTIONS=1";
				SDKROOT = iphoneos;
				TARGETED_DEVICE_FAMILY = "1,2";
				VALIDATE_PRODUCT = YES;
			};
			name = Release;
		};
		0B981423165FFA4900193E50 /* Debug */ = {
			isa = XCBuildConfiguration;
			buildSettings = {
				GCC_PRECOMPILE_PREFIX_HEADER = YES;
				GCC_PREFIX_HEADER = "WorldWindExamples/WorldWindExamples-Prefix.pch";
				INFOPLIST_FILE = "WorldWindExamples/WorldWindExamples-Info.plist";
				IPHONEOS_DEPLOYMENT_TARGET = 6.0;
				LIBRARY_SEARCH_PATHS = (
					"$(inherited)",
					"\"$(SRCROOT)/../../../Library/Developer/Xcode/DerivedData/WorldWindIOS-gzckgckmqhxtmbhfmsciqmmjrupa/Build/Products/Debug-iphoneos\"",
				);
				PRODUCT_NAME = "$(TARGET_NAME)";
				USER_HEADER_SEARCH_PATHS = "\"${PROJECT_DIR}/../WorldWind\"/**";
				WRAPPER_EXTENSION = app;
			};
			name = Debug;
		};
		0B981424165FFA4900193E50 /* Release */ = {
			isa = XCBuildConfiguration;
			buildSettings = {
				GCC_PRECOMPILE_PREFIX_HEADER = YES;
				GCC_PREFIX_HEADER = "WorldWindExamples/WorldWindExamples-Prefix.pch";
				INFOPLIST_FILE = "WorldWindExamples/WorldWindExamples-Info.plist";
				IPHONEOS_DEPLOYMENT_TARGET = 6.0;
				LIBRARY_SEARCH_PATHS = (
					"$(inherited)",
					"\"$(SRCROOT)/../../../Library/Developer/Xcode/DerivedData/WorldWindIOS-gzckgckmqhxtmbhfmsciqmmjrupa/Build/Products/Debug-iphoneos\"",
				);
				PRODUCT_NAME = "$(TARGET_NAME)";
				USER_HEADER_SEARCH_PATHS = "\"${PROJECT_DIR}/../WorldWind\"/**";
				WRAPPER_EXTENSION = app;
			};
			name = Release;
		};
/* End XCBuildConfiguration section */

/* Begin XCConfigurationList section */
		0B9813FE165FFA4900193E50 /* Build configuration list for PBXProject "WorldWindExamples" */ = {
			isa = XCConfigurationList;
			buildConfigurations = (
				0B981420165FFA4900193E50 /* Debug */,
				0B981421165FFA4900193E50 /* Release */,
			);
			defaultConfigurationIsVisible = 0;
			defaultConfigurationName = Release;
		};
		0B981422165FFA4900193E50 /* Build configuration list for PBXNativeTarget "WorldWindExamples" */ = {
			isa = XCConfigurationList;
			buildConfigurations = (
				0B981423165FFA4900193E50 /* Debug */,
				0B981424165FFA4900193E50 /* Release */,
			);
			defaultConfigurationIsVisible = 0;
			defaultConfigurationName = Release;
		};
/* End XCConfigurationList section */
	};
	rootObject = 0B9813FB165FFA4900193E50 /* Project object */;
}
